{
   "name": "apps",
   "version": "1.0.0",
   "lockfileVersion": 3,
   "requires": true,
   "packages": {
      "": {
         "name": "apps",
         "version": "1.0.0",
         "license": "ISC",
         "dependencies": {
            "@tinymce/tinymce-svelte": "^1.0.1",
            "googleapis": "^128.0.0",
            "jodit-svelte": "^1.0.3",
            "lexical": "^0.2.9",
            "lexical-svelte": "^1.0.0-beta.4",
            "quill": "^1.3.6",
            "tinymce": "^6.8.1"
         }
      },
      "node_modules/@lexical/clipboard": {
         "version": "0.2.9",
         "resolved": "https://registry.npmjs.org/@lexical/clipboard/-/clipboard-0.2.9.tgz",
         "integrity": "sha512-NJmjdKW7GVNOVSUmEeyKkWolJbTvC/4fbdk/pdAF4gJR5YgiadD8E4CcXpLU79AvmlYrMrskphbG/Ustc/N+Ew==",
         "peer": true,
         "dependencies": {
            "@lexical/selection": "0.2.9",
            "@lexical/utils": "0.2.9"
         },
         "peerDependencies": {
            "lexical": "0.2.9"
         }
      },
      "node_modules/@lexical/dragon": {
         "version": "0.2.9",
         "resolved": "https://registry.npmjs.org/@lexical/dragon/-/dragon-0.2.9.tgz",
         "integrity": "sha512-leOAz+fAxLumF0LKaaraVo6/3IcfOrOBJ8jZK+wK86wCEtgUyF6zEpfMo/WHXp4fd1ZQ6gQywgRtZYDSOsC0ug==",
         "peerDependencies": {
            "lexical": "0.2.9"
         }
      },
      "node_modules/@lexical/hashtag": {
         "version": "0.2.9",
         "resolved": "https://registry.npmjs.org/@lexical/hashtag/-/hashtag-0.2.9.tgz",
         "integrity": "sha512-lSx1pr+eOuzwFzaouO1lyakp5+ympvHMbykX7RyZyFD6cF6RysmYL4vJWRyJh+6Y+1nPcCWBgE73OiQd/XA1IA==",
         "dependencies": {
            "@lexical/utils": "0.2.9"
         },
         "peerDependencies": {
            "lexical": "0.2.9"
         }
      },
      "node_modules/@lexical/history": {
         "version": "0.2.9",
         "resolved": "https://registry.npmjs.org/@lexical/history/-/history-0.2.9.tgz",
         "integrity": "sha512-XUFRI5qx6nlVSLOcVRWDF+RpKIne5xVJ1ROOYV06ees6eNsTS0+lf/Q/pXGqEt0fyWkJHTD6KieI0JNkYFb0xA==",
         "dependencies": {
            "@lexical/utils": "0.2.9"
         },
         "peerDependencies": {
            "lexical": "0.2.9"
         }
      },
      "node_modules/@lexical/link": {
         "version": "0.2.9",
         "resolved": "https://registry.npmjs.org/@lexical/link/-/link-0.2.9.tgz",
         "integrity": "sha512-ArhFTJcGM+w185i01E5Vi4i2ItIkut41gUzhcSX/QmJHuRyMhJc7N3se5zuGxFVTAELY5WFn0l3XNJwhfdx7Hg==",
         "dependencies": {
            "@lexical/utils": "0.2.9"
         },
         "peerDependencies": {
            "lexical": "0.2.9"
         }
      },
      "node_modules/@lexical/list": {
         "version": "0.2.9",
         "resolved": "https://registry.npmjs.org/@lexical/list/-/list-0.2.9.tgz",
         "integrity": "sha512-Qb60Dzon98ve9/6grX0jQL9JulqXsrW0QcqdJE7G8am7WJvUn5VVNrf1ea/J6YFAyI30lRoDpsYuDal27rTyZQ==",
         "dependencies": {
            "@lexical/utils": "0.2.9"
         },
         "peerDependencies": {
            "lexical": "0.2.9"
         }
      },
      "node_modules/@lexical/mark": {
         "version": "0.2.9",
         "resolved": "https://registry.npmjs.org/@lexical/mark/-/mark-0.2.9.tgz",
         "integrity": "sha512-SKiBssee9wuCGcqom7NvFJ0Mx3xyLVUPFA2Z5Bc/ubIagyeVxesfoHbyLsae8vWgRHUBqIOpemmXb5kNGbgBBQ==",
         "dependencies": {
            "@lexical/utils": "0.2.9"
         },
         "peerDependencies": {
            "lexical": "0.2.9"
         }
      },
      "node_modules/@lexical/plain-text": {
         "version": "0.2.9",
         "resolved": "https://registry.npmjs.org/@lexical/plain-text/-/plain-text-0.2.9.tgz",
         "integrity": "sha512-4Q5T5buXoZ2sict7q1OymqbslCxmgqZnU7SVxN5a2FZ08TAZH3LlJtxYc5p9pGiyXMSvWsWdhgCf6bTsK/PnFg==",
         "peerDependencies": {
            "@lexical/clipboard": "0.2.9",
            "@lexical/selection": "0.2.9",
            "@lexical/utils": "0.2.9",
            "lexical": "0.2.9"
         }
      },
      "node_modules/@lexical/rich-text": {
         "version": "0.2.9",
         "resolved": "https://registry.npmjs.org/@lexical/rich-text/-/rich-text-0.2.9.tgz",
         "integrity": "sha512-yC+TEZ8faLPhVQ/j8aqUEQTeRAaSvc2av8RVEVZpdnPbBbTQ6LAkYna1GPNYkfw27AG9cmpFShUq+dgUnr2eUw==",
         "peerDependencies": {
            "@lexical/clipboard": "0.2.9",
            "@lexical/selection": "0.2.9",
            "@lexical/utils": "0.2.9",
            "lexical": "0.2.9"
         }
      },
      "node_modules/@lexical/selection": {
         "version": "0.2.9",
         "resolved": "https://registry.npmjs.org/@lexical/selection/-/selection-0.2.9.tgz",
         "integrity": "sha512-p3CmTietnPh1eU2gPv50eBmnZYgo4/eIQK4hsZ4vmYaB0LH9rIycYQXifRqKzAwqEyJ6Ou/UxBNey4O8JhEYaw==",
         "peer": true,
         "peerDependencies": {
            "lexical": "0.2.9"
         }
      },
      "node_modules/@lexical/table": {
         "version": "0.2.9",
         "resolved": "https://registry.npmjs.org/@lexical/table/-/table-0.2.9.tgz",
         "integrity": "sha512-zzzhGCHS1nJqpQ+wnV72o2LQL//LpzS6fSpHDrujBcy+Ei/yMX5QaiSb/CDGlu4VPHoIp0uDJO+ZQcnQAhRZIA==",
         "dependencies": {
            "@lexical/utils": "0.2.9"
         },
         "peerDependencies": {
            "lexical": "0.2.9"
         }
      },
      "node_modules/@lexical/text": {
         "version": "0.2.9",
         "resolved": "https://registry.npmjs.org/@lexical/text/-/text-0.2.9.tgz",
         "integrity": "sha512-b9EguY4l4Txh6DW274Wdk2BGGaqdW2LbM1TeGqUkRqnlc7ZasGEpWSNnaW/etGrGjItX5YLKAYTmPZubA6ag6g==",
         "peerDependencies": {
            "lexical": "0.2.9"
         }
      },
      "node_modules/@lexical/utils": {
         "version": "0.2.9",
         "resolved": "https://registry.npmjs.org/@lexical/utils/-/utils-0.2.9.tgz",
         "integrity": "sha512-S5DZhrZi9KqhN4P/9M6WJ80L1H1LVBlupdyqDDSM1DlFjoCL35v4KoBxXnAHm8wIGjT+skPbPPbeKDmGLOveCQ==",
         "dependencies": {
            "@lexical/list": "0.2.9",
            "@lexical/table": "0.2.9"
         },
         "peerDependencies": {
            "lexical": "0.2.9"
         }
      },
      "node_modules/@tinymce/tinymce-svelte": {
         "version": "1.0.1",
         "resolved": "https://registry.npmjs.org/@tinymce/tinymce-svelte/-/tinymce-svelte-1.0.1.tgz",
         "integrity": "sha512-mjso1Mx9FOPxwou528UmINIcE2hBbUpnC9AEInlvIXutydklfSGSGEeYJ57CBTxzgsMEJGw2LYHGC8R7KoEAeA==",
         "dependencies": {
            "rollup-plugin-execute": "^1.1.1"
         }
      },
      "node_modules/agent-base": {
         "version": "7.1.0",
         "resolved": "https://registry.npmjs.org/agent-base/-/agent-base-7.1.0.tgz",
         "integrity": "sha512-o/zjMZRhJxny7OyEF+Op8X+efiELC7k7yOjMzgfzVqOzXqkBkWI79YoTdOtsuWd5BWhAGAuOY/Xa6xpiaWXiNg==",
         "dependencies": {
            "debug": "^4.3.4"
         },
         "engines": {
            "node": ">= 14"
         }
      },
      "node_modules/base64-js": {
         "version": "1.5.1",
         "resolved": "https://registry.npmjs.org/base64-js/-/base64-js-1.5.1.tgz",
         "integrity": "sha512-AKpaYlHn8t4SVbOHCy+b5+KKgvR4vrsD8vbvrbiQJps7fKDTkjkDry6ji0rUJjC0kzbNePLwzxq8iypo41qeWA==",
         "funding": [
            {
               "type": "github",
               "url": "https://github.com/sponsors/feross"
            },
            {
               "type": "patreon",
               "url": "https://www.patreon.com/feross"
            },
            {
               "type": "consulting",
               "url": "https://feross.org/support"
            }
         ]
      },
      "node_modules/bignumber.js": {
         "version": "9.1.2",
         "resolved": "https://registry.npmjs.org/bignumber.js/-/bignumber.js-9.1.2.tgz",
         "integrity": "sha512-2/mKyZH9K85bzOEfhXDBFZTGd1CTs+5IHpeFQo9luiBG7hghdC851Pj2WAhb6E3R6b9tZj/XKhbg4fum+Kepug==",
         "engines": {
            "node": "*"
         }
      },
      "node_modules/buffer-equal-constant-time": {
         "version": "1.0.1",
         "resolved": "https://registry.npmjs.org/buffer-equal-constant-time/-/buffer-equal-constant-time-1.0.1.tgz",
         "integrity": "sha512-zRpUiDwd/xk6ADqPMATG8vc9VPrkck7T07OIx0gnjmJAnHnTVXNQG3vfvWNuiZIkwu9KrKdA1iJKfsfTVxE6NA=="
      },
      "node_modules/call-bind": {
         "version": "1.0.2",
         "resolved": "https://registry.npmjs.org/call-bind/-/call-bind-1.0.2.tgz",
         "integrity": "sha512-7O+FbCihrB5WGbFYesctwmTKae6rOiIzmz1icreWJ+0aA7LJfuqhEso2T9ncpcFtzMQtzXf2QGGueWJGTYsqrA==",
         "dependencies": {
            "function-bind": "^1.1.1",
            "get-intrinsic": "^1.0.2"
         },
         "funding": {
            "url": "https://github.com/sponsors/ljharb"
         }
      },
      "node_modules/clone": {
         "version": "2.1.2",
         "resolved": "https://registry.npmjs.org/clone/-/clone-2.1.2.tgz",
         "integrity": "sha512-3Pe/CF1Nn94hyhIYpjtiLhdCoEoz0DqQ+988E9gmeEdQZlojxnOb74wctFyuwWQHzqyf9X7C7MG8juUpqBJT8w==",
         "engines": {
            "node": ">=0.8"
         }
      },
      "node_modules/debug": {
         "version": "4.3.4",
         "resolved": "https://registry.npmjs.org/debug/-/debug-4.3.4.tgz",
         "integrity": "sha512-PRWFHuSU3eDtQJPvnNY7Jcket1j0t5OuOsFzPPzsekD52Zl8qUfFIPEiswXqIvHWGVHOgX+7G/vCNNhehwxfkQ==",
         "dependencies": {
            "ms": "2.1.2"
         },
         "engines": {
            "node": ">=6.0"
         },
         "peerDependenciesMeta": {
            "supports-color": {
               "optional": true
            }
         }
      },
      "node_modules/deep-equal": {
         "version": "1.1.1",
         "resolved": "https://registry.npmjs.org/deep-equal/-/deep-equal-1.1.1.tgz",
         "integrity": "sha512-yd9c5AdiqVcR+JjcwUQb9DkhJc8ngNr0MahEBGvDiJw8puWab2yZlh+nkasOnZP+EGTAP6rRp2JzJhJZzvNF8g==",
         "dependencies": {
            "is-arguments": "^1.0.4",
            "is-date-object": "^1.0.1",
            "is-regex": "^1.0.4",
            "object-is": "^1.0.1",
            "object-keys": "^1.1.1",
            "regexp.prototype.flags": "^1.2.0"
         },
         "funding": {
            "url": "https://github.com/sponsors/ljharb"
         }
      },
      "node_modules/define-data-property": {
         "version": "1.1.1",
         "resolved": "https://registry.npmjs.org/define-data-property/-/define-data-property-1.1.1.tgz",
         "integrity": "sha512-E7uGkTzkk1d0ByLeSc6ZsFS79Axg+m1P/VsgYsxHgiuc3tFSj+MjMIwe90FC4lOAZzNBdY7kkO2P2wKdsQ1vgQ==",
         "dependencies": {
            "get-intrinsic": "^1.2.1",
            "gopd": "^1.0.1",
            "has-property-descriptors": "^1.0.0"
         },
         "engines": {
            "node": ">= 0.4"
         }
      },
      "node_modules/define-properties": {
         "version": "1.2.1",
         "resolved": "https://registry.npmjs.org/define-properties/-/define-properties-1.2.1.tgz",
         "integrity": "sha512-8QmQKqEASLd5nx0U1B1okLElbUuuttJ/AnYmRXbbbGDWh6uS208EjD4Xqq/I9wK7u0v6O08XhTWnt5XtEbR6Dg==",
         "dependencies": {
            "define-data-property": "^1.0.1",
            "has-property-descriptors": "^1.0.0",
            "object-keys": "^1.1.1"
         },
         "engines": {
            "node": ">= 0.4"
         },
         "funding": {
            "url": "https://github.com/sponsors/ljharb"
         }
      },
      "node_modules/ecdsa-sig-formatter": {
         "version": "1.0.11",
         "resolved": "https://registry.npmjs.org/ecdsa-sig-formatter/-/ecdsa-sig-formatter-1.0.11.tgz",
         "integrity": "sha512-nagl3RYrbNv6kQkeJIpt6NJZy8twLB/2vtz6yN9Z4vRKHN4/QZJIEbqohALSgwKdnksuY3k5Addp5lg8sVoVcQ==",
         "dependencies": {
            "safe-buffer": "^5.0.1"
         }
      },
      "node_modules/eventemitter3": {
         "version": "2.0.3",
         "resolved": "https://registry.npmjs.org/eventemitter3/-/eventemitter3-2.0.3.tgz",
         "integrity": "sha512-jLN68Dx5kyFHaePoXWPsCGW5qdyZQtLYHkxkg02/Mz6g0kYpDx4FyP6XfArhQdlOC4b8Mv+EMxPo/8La7Tzghg=="
      },
      "node_modules/extend": {
         "version": "3.0.2",
         "resolved": "https://registry.npmjs.org/extend/-/extend-3.0.2.tgz",
         "integrity": "sha512-fjquC59cD7CyW6urNXK0FBufkZcoiGG80wTuPujX590cB5Ttln20E2UB4S/WARVqhXffZl2LNgS+gQdPIIim/g=="
      },
      "node_modules/fast-diff": {
         "version": "1.1.2",
         "resolved": "https://registry.npmjs.org/fast-diff/-/fast-diff-1.1.2.tgz",
         "integrity": "sha512-KaJUt+M9t1qaIteSvjc6P3RbMdXsNhK61GRftR6SNxqmhthcd9MGIi4T+o0jD8LUSpSnSKXE20nLtJ3fOHxQig=="
      },
      "node_modules/function-bind": {
         "version": "1.1.2",
         "resolved": "https://registry.npmjs.org/function-bind/-/function-bind-1.1.2.tgz",
         "integrity": "sha512-7XHNxH7qX9xG5mIwxkhumTox/MIRNcOgDrxWsMt2pAr23WHp6MrRlN7FBSFpCpr+oVO0F744iUgR82nJMfG2SA==",
         "funding": {
            "url": "https://github.com/sponsors/ljharb"
         }
      },
      "node_modules/functions-have-names": {
         "version": "1.2.3",
         "resolved": "https://registry.npmjs.org/functions-have-names/-/functions-have-names-1.2.3.tgz",
         "integrity": "sha512-xckBUXyTIqT97tq2x2AMb+g163b5JFysYk0x4qxNFwbfQkmNZoiRHb6sPzI9/QV33WeuvVYBUIiD4NzNIyqaRQ==",
         "funding": {
            "url": "https://github.com/sponsors/ljharb"
         }
      },
      "node_modules/gaxios": {
         "version": "6.1.1",
         "resolved": "https://registry.npmjs.org/gaxios/-/gaxios-6.1.1.tgz",
         "integrity": "sha512-bw8smrX+XlAoo9o1JAksBwX+hi/RG15J+NTSxmNPIclKC3ZVK6C2afwY8OSdRvOK0+ZLecUJYtj2MmjOt3Dm0w==",
         "dependencies": {
            "extend": "^3.0.2",
            "https-proxy-agent": "^7.0.1",
            "is-stream": "^2.0.0",
            "node-fetch": "^2.6.9"
         },
         "engines": {
            "node": ">=14"
         }
      },
      "node_modules/gcp-metadata": {
         "version": "6.0.0",
         "resolved": "https://registry.npmjs.org/gcp-metadata/-/gcp-metadata-6.0.0.tgz",
         "integrity": "sha512-Ozxyi23/1Ar51wjUT2RDklK+3HxqDr8TLBNK8rBBFQ7T85iIGnXnVusauj06QyqCXRFZig8LZC+TUddWbndlpQ==",
         "dependencies": {
            "gaxios": "^6.0.0",
            "json-bigint": "^1.0.0"
         },
         "engines": {
            "node": ">=14"
         }
      },
      "node_modules/get-intrinsic": {
         "version": "1.2.1",
         "resolved": "https://registry.npmjs.org/get-intrinsic/-/get-intrinsic-1.2.1.tgz",
         "integrity": "sha512-2DcsyfABl+gVHEfCOaTrWgyt+tb6MSEGmKq+kI5HwLbIYgjgmMcV8KQ41uaKz1xxUcn9tJtgFbQUEVcEbd0FYw==",
         "dependencies": {
            "function-bind": "^1.1.1",
            "has": "^1.0.3",
            "has-proto": "^1.0.1",
            "has-symbols": "^1.0.3"
         },
         "funding": {
            "url": "https://github.com/sponsors/ljharb"
         }
      },
      "node_modules/google-auth-library": {
         "version": "9.2.0",
         "resolved": "https://registry.npmjs.org/google-auth-library/-/google-auth-library-9.2.0.tgz",
         "integrity": "sha512-1oV3p0JhNEhVbj26eF3FAJcv9MXXQt4S0wcvKZaDbl4oHq5V3UJoSbsGZGQNcjoCdhW4kDSwOs11wLlHog3fgQ==",
         "dependencies": {
            "base64-js": "^1.3.0",
            "ecdsa-sig-formatter": "^1.0.11",
            "gaxios": "^6.0.0",
            "gcp-metadata": "^6.0.0",
            "gtoken": "^7.0.0",
            "jws": "^4.0.0"
         },
         "engines": {
            "node": ">=14"
         }
      },
      "node_modules/googleapis": {
         "version": "128.0.0",
         "resolved": "https://registry.npmjs.org/googleapis/-/googleapis-128.0.0.tgz",
         "integrity": "sha512-+sLtVYNazcxaSD84N6rihVX4QiGoqRdnlz2SwmQQkadF31XonDfy4ufk3maMg27+FiySrH0rd7V8p+YJG6cknA==",
         "dependencies": {
            "google-auth-library": "^9.0.0",
            "googleapis-common": "^7.0.0"
         },
         "engines": {
            "node": ">=14.0.0"
         }
      },
      "node_modules/googleapis-common": {
         "version": "7.0.1",
         "resolved": "https://registry.npmjs.org/googleapis-common/-/googleapis-common-7.0.1.tgz",
         "integrity": "sha512-mgt5zsd7zj5t5QXvDanjWguMdHAcJmmDrF9RkInCecNsyV7S7YtGqm5v2IWONNID88osb7zmx5FtrAP12JfD0w==",
         "dependencies": {
            "extend": "^3.0.2",
            "gaxios": "^6.0.3",
            "google-auth-library": "^9.0.0",
            "qs": "^6.7.0",
            "url-template": "^2.0.8",
            "uuid": "^9.0.0"
         },
         "engines": {
            "node": ">=14.0.0"
         }
      },
      "node_modules/gopd": {
         "version": "1.0.1",
         "resolved": "https://registry.npmjs.org/gopd/-/gopd-1.0.1.tgz",
         "integrity": "sha512-d65bNlIadxvpb/A2abVdlqKqV563juRnZ1Wtk6s1sIR8uNsXR70xqIzVqxVf1eTqDunwT2MkczEeaezCKTZhwA==",
         "dependencies": {
            "get-intrinsic": "^1.1.3"
         },
         "funding": {
            "url": "https://github.com/sponsors/ljharb"
         }
      },
      "node_modules/gtoken": {
         "version": "7.0.1",
         "resolved": "https://registry.npmjs.org/gtoken/-/gtoken-7.0.1.tgz",
         "integrity": "sha512-KcFVtoP1CVFtQu0aSk3AyAt2og66PFhZAlkUOuWKwzMLoulHXG5W5wE5xAnHb+yl3/wEFoqGW7/cDGMU8igDZQ==",
         "dependencies": {
            "gaxios": "^6.0.0",
            "jws": "^4.0.0"
         },
         "engines": {
            "node": ">=14.0.0"
         }
      },
      "node_modules/has": {
         "version": "1.0.4",
         "resolved": "https://registry.npmjs.org/has/-/has-1.0.4.tgz",
         "integrity": "sha512-qdSAmqLF6209RFj4VVItywPMbm3vWylknmB3nvNiUIs72xAimcM8nVYxYr7ncvZq5qzk9MKIZR8ijqD/1QuYjQ==",
         "engines": {
            "node": ">= 0.4.0"
         }
      },
      "node_modules/has-property-descriptors": {
         "version": "1.0.0",
         "resolved": "https://registry.npmjs.org/has-property-descriptors/-/has-property-descriptors-1.0.0.tgz",
         "integrity": "sha512-62DVLZGoiEBDHQyqG4w9xCuZ7eJEwNmJRWw2VY84Oedb7WFcA27fiEVe8oUQx9hAUJ4ekurquucTGwsyO1XGdQ==",
         "dependencies": {
            "get-intrinsic": "^1.1.1"
         },
         "funding": {
            "url": "https://github.com/sponsors/ljharb"
         }
      },
      "node_modules/has-proto": {
         "version": "1.0.1",
         "resolved": "https://registry.npmjs.org/has-proto/-/has-proto-1.0.1.tgz",
         "integrity": "sha512-7qE+iP+O+bgF9clE5+UoBFzE65mlBiVj3tKCrlNQ0Ogwm0BjpT/gK4SlLYDMybDh5I3TCTKnPPa0oMG7JDYrhg==",
         "engines": {
            "node": ">= 0.4"
         },
         "funding": {
            "url": "https://github.com/sponsors/ljharb"
         }
      },
      "node_modules/has-symbols": {
         "version": "1.0.3",
         "resolved": "https://registry.npmjs.org/has-symbols/-/has-symbols-1.0.3.tgz",
         "integrity": "sha512-l3LCuF6MgDNwTDKkdYGEihYjt5pRPbEg46rtlmnSPlUbgmB8LOIrKJbYYFBSbnPaJexMKtiPO8hmeRjRz2Td+A==",
         "engines": {
            "node": ">= 0.4"
         },
         "funding": {
            "url": "https://github.com/sponsors/ljharb"
         }
      },
      "node_modules/has-tostringtag": {
         "version": "1.0.0",
         "resolved": "https://registry.npmjs.org/has-tostringtag/-/has-tostringtag-1.0.0.tgz",
         "integrity": "sha512-kFjcSNhnlGV1kyoGk7OXKSawH5JOb/LzUc5w9B02hOTO0dfFRjbHQKvg1d6cf3HbeUmtU9VbbV3qzZ2Teh97WQ==",
         "dependencies": {
            "has-symbols": "^1.0.2"
         },
         "engines": {
            "node": ">= 0.4"
         },
         "funding": {
            "url": "https://github.com/sponsors/ljharb"
         }
      },
      "node_modules/https-proxy-agent": {
         "version": "7.0.2",
         "resolved": "https://registry.npmjs.org/https-proxy-agent/-/https-proxy-agent-7.0.2.tgz",
         "integrity": "sha512-NmLNjm6ucYwtcUmL7JQC1ZQ57LmHP4lT15FQ8D61nak1rO6DH+fz5qNK2Ap5UN4ZapYICE3/0KodcLYSPsPbaA==",
         "dependencies": {
            "agent-base": "^7.0.2",
            "debug": "4"
         },
         "engines": {
            "node": ">= 14"
         }
      },
      "node_modules/is-arguments": {
         "version": "1.1.1",
         "resolved": "https://registry.npmjs.org/is-arguments/-/is-arguments-1.1.1.tgz",
         "integrity": "sha512-8Q7EARjzEnKpt/PCD7e1cgUS0a6X8u5tdSiMqXhojOdoV9TsMsiO+9VLC5vAmO8N7/GmXn7yjR8qnA6bVAEzfA==",
         "dependencies": {
            "call-bind": "^1.0.2",
            "has-tostringtag": "^1.0.0"
         },
         "engines": {
            "node": ">= 0.4"
         },
         "funding": {
            "url": "https://github.com/sponsors/ljharb"
         }
      },
      "node_modules/is-date-object": {
         "version": "1.0.5",
         "resolved": "https://registry.npmjs.org/is-date-object/-/is-date-object-1.0.5.tgz",
         "integrity": "sha512-9YQaSxsAiSwcvS33MBk3wTCVnWK+HhF8VZR2jRxehM16QcVOdHqPn4VPHmRK4lSr38n9JriurInLcP90xsYNfQ==",
         "dependencies": {
            "has-tostringtag": "^1.0.0"
         },
         "engines": {
            "node": ">= 0.4"
         },
         "funding": {
            "url": "https://github.com/sponsors/ljharb"
         }
      },
      "node_modules/is-regex": {
         "version": "1.1.4",
         "resolved": "https://registry.npmjs.org/is-regex/-/is-regex-1.1.4.tgz",
         "integrity": "sha512-kvRdxDsxZjhzUX07ZnLydzS1TU/TJlTUHHY4YLL87e37oUA49DfkLqgy+VjFocowy29cKvcSiu+kIv728jTTVg==",
         "dependencies": {
            "call-bind": "^1.0.2",
            "has-tostringtag": "^1.0.0"
         },
         "engines": {
            "node": ">= 0.4"
         },
         "funding": {
            "url": "https://github.com/sponsors/ljharb"
         }
      },
      "node_modules/is-stream": {
         "version": "2.0.1",
         "resolved": "https://registry.npmjs.org/is-stream/-/is-stream-2.0.1.tgz",
         "integrity": "sha512-hFoiJiTl63nn+kstHGBtewWSKnQLpyb155KHheA1l39uvtO9nWIop1p3udqPcUd/xbF1VLMO4n7OI6p7RbngDg==",
         "engines": {
            "node": ">=8"
         },
         "funding": {
            "url": "https://github.com/sponsors/sindresorhus"
         }
      },
      "node_modules/jodit-svelte": {
         "version": "1.0.3",
         "resolved": "https://registry.npmjs.org/jodit-svelte/-/jodit-svelte-1.0.3.tgz",
         "integrity": "sha512-kXJFZv4Ed9ZCHD/P3PHwXRrG016IgoHTVdtMKlvC/NoDSSqkq5vViEAwTlMda1rbtcpgsX2+PzS7ZnbdjO5CSA=="
      },
      "node_modules/json-bigint": {
         "version": "1.0.0",
         "resolved": "https://registry.npmjs.org/json-bigint/-/json-bigint-1.0.0.tgz",
         "integrity": "sha512-SiPv/8VpZuWbvLSMtTDU8hEfrZWg/mH/nV/b4o0CYbSxu1UIQPLdwKOCIyLQX+VIPO5vrLX3i8qtqFyhdPSUSQ==",
         "dependencies": {
            "bignumber.js": "^9.0.0"
         }
      },
      "node_modules/jwa": {
         "version": "2.0.0",
         "resolved": "https://registry.npmjs.org/jwa/-/jwa-2.0.0.tgz",
         "integrity": "sha512-jrZ2Qx916EA+fq9cEAeCROWPTfCwi1IVHqT2tapuqLEVVDKFDENFw1oL+MwrTvH6msKxsd1YTDVw6uKEcsrLEA==",
         "dependencies": {
            "buffer-equal-constant-time": "1.0.1",
            "ecdsa-sig-formatter": "1.0.11",
            "safe-buffer": "^5.0.1"
         }
      },
      "node_modules/jws": {
         "version": "4.0.0",
         "resolved": "https://registry.npmjs.org/jws/-/jws-4.0.0.tgz",
         "integrity": "sha512-KDncfTmOZoOMTFG4mBlG0qUIOlc03fmzH+ru6RgYVZhPkyiy/92Owlt/8UEN+a4TXR1FQetfIpJE8ApdvdVxTg==",
         "dependencies": {
            "jwa": "^2.0.0",
            "safe-buffer": "^5.0.1"
         }
      },
      "node_modules/lexical": {
         "version": "0.2.9",
         "resolved": "https://registry.npmjs.org/lexical/-/lexical-0.2.9.tgz",
         "integrity": "sha512-9FLGDPwjUDzMZguCbHtOB5APmh5jSfWTiNGqocVPVG8WehjyEjiH2e3r7H2dEnP6YlfH6G9Bq+KGwN+dKL3nqw=="
      },
      "node_modules/lexical-svelte": {
         "version": "1.0.0-beta.4",
         "resolved": "https://registry.npmjs.org/lexical-svelte/-/lexical-svelte-1.0.0-beta.4.tgz",
         "integrity": "sha512-ZhvQa+P8QfqYGpYWj61KG3/IXpcCFm3ICuW2DRkGqQm7h+UoQKdaPacANIysm9WY38TdXdG3GIL1HIne1o3vCw==",
         "dependencies": {
            "@lexical/dragon": "^0.2.9",
            "@lexical/hashtag": "^0.2.9",
            "@lexical/history": "^0.2.9",
            "@lexical/link": "^0.2.9",
            "@lexical/mark": "^0.2.9",
            "@lexical/plain-text": "^0.2.9",
            "@lexical/rich-text": "^0.2.9",
            "@lexical/text": "^0.2.9",
            "lexical": "^0.2.9"
         }
      },
      "node_modules/ms": {
         "version": "2.1.2",
         "resolved": "https://registry.npmjs.org/ms/-/ms-2.1.2.tgz",
         "integrity": "sha512-sGkPx+VjMtmA6MX27oA4FBFELFCZZ4S4XqeGOXCv68tT+jb3vk/RyaKWP0PTKyWtmLSM0b+adUTEvbs1PEaH2w=="
      },
      "node_modules/node-fetch": {
         "version": "2.7.0",
         "resolved": "https://registry.npmjs.org/node-fetch/-/node-fetch-2.7.0.tgz",
         "integrity": "sha512-c4FRfUm/dbcWZ7U+1Wq0AwCyFL+3nt2bEw05wfxSz+DWpWsitgmSgYmy2dQdWyKC1694ELPqMs/YzUSNozLt8A==",
         "dependencies": {
            "whatwg-url": "^5.0.0"
         },
         "engines": {
            "node": "4.x || >=6.0.0"
         },
         "peerDependencies": {
            "encoding": "^0.1.0"
         },
         "peerDependenciesMeta": {
            "encoding": {
               "optional": true
            }
         }
      },
      "node_modules/object-inspect": {
         "version": "1.13.1",
         "resolved": "https://registry.npmjs.org/object-inspect/-/object-inspect-1.13.1.tgz",
         "integrity": "sha512-5qoj1RUiKOMsCCNLV1CBiPYE10sziTsnmNxkAI/rZhiD63CF7IqdFGC/XzjWjpSgLf0LxXX3bDFIh0E18f6UhQ==",
         "funding": {
            "url": "https://github.com/sponsors/ljharb"
         }
      },
      "node_modules/object-is": {
         "version": "1.1.5",
         "resolved": "https://registry.npmjs.org/object-is/-/object-is-1.1.5.tgz",
         "integrity": "sha512-3cyDsyHgtmi7I7DfSSI2LDp6SK2lwvtbg0p0R1e0RvTqF5ceGx+K2dfSjm1bKDMVCFEDAQvy+o8c6a7VujOddw==",
         "dependencies": {
            "call-bind": "^1.0.2",
            "define-properties": "^1.1.3"
         },
         "engines": {
            "node": ">= 0.4"
         },
         "funding": {
            "url": "https://github.com/sponsors/ljharb"
         }
      },
      "node_modules/object-keys": {
         "version": "1.1.1",
         "resolved": "https://registry.npmjs.org/object-keys/-/object-keys-1.1.1.tgz",
         "integrity": "sha512-NuAESUOUMrlIXOfHKzD6bpPu3tYt3xvjNdRIQ+FeT0lNb4K8WR70CaDxhuNguS2XG+GjkyMwOzsN5ZktImfhLA==",
         "engines": {
            "node": ">= 0.4"
         }
      },
      "node_modules/parchment": {
         "version": "1.1.4",
         "resolved": "https://registry.npmjs.org/parchment/-/parchment-1.1.4.tgz",
         "integrity": "sha512-J5FBQt/pM2inLzg4hEWmzQx/8h8D0CiDxaG3vyp9rKrQRSDgBlhjdP5jQGgosEajXPSQouXGHOmVdgo7QmJuOg=="
      },
      "node_modules/qs": {
         "version": "6.11.2",
         "resolved": "https://registry.npmjs.org/qs/-/qs-6.11.2.tgz",
         "integrity": "sha512-tDNIz22aBzCDxLtVH++VnTfzxlfeK5CbqohpSqpJgj1Wg/cQbStNAz3NuqCs5vV+pjBsK4x4pN9HlVh7rcYRiA==",
         "dependencies": {
            "side-channel": "^1.0.4"
         },
         "engines": {
            "node": ">=0.6"
         },
         "funding": {
            "url": "https://github.com/sponsors/ljharb"
         }
      },
      "node_modules/quill": {
         "version": "1.3.6",
         "resolved": "https://registry.npmjs.org/quill/-/quill-1.3.6.tgz",
         "integrity": "sha512-K0mvhimWZN6s+9OQ249CH2IEPZ9JmkFuCQeHAOQax3EZ2nDJ3wfGh59mnlQaZV2i7u8eFarx6wAtvQKgShojug==",
         "dependencies": {
            "clone": "^2.1.1",
            "deep-equal": "^1.0.1",
            "eventemitter3": "^2.0.3",
            "extend": "^3.0.1",
            "parchment": "^1.1.4",
            "quill-delta": "^3.6.2"
         }
      },
      "node_modules/quill-delta": {
         "version": "3.6.3",
         "resolved": "https://registry.npmjs.org/quill-delta/-/quill-delta-3.6.3.tgz",
         "integrity": "sha512-wdIGBlcX13tCHOXGMVnnTVFtGRLoP0imqxM696fIPwIf5ODIYUHIvHbZcyvGlZFiFhK5XzDC2lpjbxRhnM05Tg==",
         "dependencies": {
            "deep-equal": "^1.0.1",
            "extend": "^3.0.2",
            "fast-diff": "1.1.2"
         },
         "engines": {
            "node": ">=0.10"
         }
      },
      "node_modules/regexp.prototype.flags": {
         "version": "1.5.1",
         "resolved": "https://registry.npmjs.org/regexp.prototype.flags/-/regexp.prototype.flags-1.5.1.tgz",
         "integrity": "sha512-sy6TXMN+hnP/wMy+ISxg3krXx7BAtWVO4UouuCN/ziM9UEne0euamVNafDfvC83bRNr95y0V5iijeDQFUNpvrg==",
         "dependencies": {
            "call-bind": "^1.0.2",
            "define-properties": "^1.2.0",
            "set-function-name": "^2.0.0"
         },
         "engines": {
            "node": ">= 0.4"
         },
         "funding": {
            "url": "https://github.com/sponsors/ljharb"
         }
      },
      "node_modules/rollup-plugin-execute": {
         "version": "1.1.1",
         "resolved": "https://registry.npmjs.org/rollup-plugin-execute/-/rollup-plugin-execute-1.1.1.tgz",
         "integrity": "sha512-isCNR/VrwlEfWJMwsnmt5TBRod8dW1IjVRxcXCBrxDmVTeA1IXjzeLSS3inFBmRD7KDPlo38KSb2mh5v5BoWgA=="
      },
      "node_modules/safe-buffer": {
         "version": "5.2.1",
         "resolved": "https://registry.npmjs.org/safe-buffer/-/safe-buffer-5.2.1.tgz",
         "integrity": "sha512-rp3So07KcdmmKbGvgaNxQSJr7bGVSVk5S9Eq1F+ppbRo70+YeaDxkw5Dd8NPN+GD6bjnYm2VuPuCXmpuYvmCXQ==",
         "funding": [
            {
               "type": "github",
               "url": "https://github.com/sponsors/feross"
            },
            {
               "type": "patreon",
               "url": "https://www.patreon.com/feross"
            },
            {
               "type": "consulting",
               "url": "https://feross.org/support"
            }
         ]
      },
      "node_modules/set-function-name": {
         "version": "2.0.1",
         "resolved": "https://registry.npmjs.org/set-function-name/-/set-function-name-2.0.1.tgz",
         "integrity": "sha512-tMNCiqYVkXIZgc2Hnoy2IvC/f8ezc5koaRFkCjrpWzGpCd3qbZXPzVy9MAZzK1ch/X0jvSkojys3oqJN0qCmdA==",
         "dependencies": {
            "define-data-property": "^1.0.1",
            "functions-have-names": "^1.2.3",
            "has-property-descriptors": "^1.0.0"
         },
         "engines": {
            "node": ">= 0.4"
         }
      },
      "node_modules/side-channel": {
         "version": "1.0.4",
         "resolved": "https://registry.npmjs.org/side-channel/-/side-channel-1.0.4.tgz",
         "integrity": "sha512-q5XPytqFEIKHkGdiMIrY10mvLRvnQh42/+GoBlFW3b2LXLE2xxJpZFdm94we0BaoV3RwJyGqg5wS7epxTv0Zvw==",
         "dependencies": {
            "call-bind": "^1.0.0",
            "get-intrinsic": "^1.0.2",
            "object-inspect": "^1.9.0"
         },
         "funding": {
            "url": "https://github.com/sponsors/ljharb"
         }
      },
      "node_modules/tinymce": {
         "version": "6.8.1",
         "resolved": "https://registry.npmjs.org/tinymce/-/tinymce-6.8.1.tgz",
         "integrity": "sha512-WYPvMXIjBrXM/oBiqGCbT2a8ptiO3TWXm/xxPWDCl8SxRKMW7Rfp0Lk190E9fXmX6uh9lJMRCnmKHzvryz0ftA=="
      },
      "node_modules/tr46": {
         "version": "0.0.3",
         "resolved": "https://registry.npmjs.org/tr46/-/tr46-0.0.3.tgz",
         "integrity": "sha512-N3WMsuqV66lT30CrXNbEjx4GEwlow3v6rr4mCcv6prnfwhS01rkgyFdjPNBYd9br7LpXV1+Emh01fHnq2Gdgrw=="
      },
      "node_modules/url-template": {
         "version": "2.0.8",
         "resolved": "https://registry.npmjs.org/url-template/-/url-template-2.0.8.tgz",
         "integrity": "sha512-XdVKMF4SJ0nP/O7XIPB0JwAEuT9lDIYnNsK8yGVe43y0AWoKeJNdv3ZNWh7ksJ6KqQFjOO6ox/VEitLnaVNufw=="
      },
      "node_modules/uuid": {
         "version": "9.0.1",
         "resolved": "https://registry.npmjs.org/uuid/-/uuid-9.0.1.tgz",
         "integrity": "sha512-b+1eJOlsR9K8HJpow9Ok3fiWOWSIcIzXodvv0rQjVoOVNpWMpxf1wZNpt4y9h10odCNrqnYp1OBzRktckBe3sA==",
         "funding": [
            "https://github.com/sponsors/broofa",
            "https://github.com/sponsors/ctavan"
         ],
         "bin": {
            "uuid": "dist/bin/uuid"
         }
      },
      "node_modules/webidl-conversions": {
         "version": "3.0.1",
         "resolved": "https://registry.npmjs.org/webidl-conversions/-/webidl-conversions-3.0.1.tgz",
         "integrity": "sha512-2JAn3z8AR6rjK8Sm8orRC0h/bcl/DqL7tRPdGZ4I1CjdF+EaMLmYxBHyXuKL849eucPFhvBoxMsflfOb8kxaeQ=="
      },
      "node_modules/whatwg-url": {
         "version": "5.0.0",
         "resolved": "https://registry.npmjs.org/whatwg-url/-/whatwg-url-5.0.0.tgz",
         "integrity": "sha512-saE57nupxk6v3HY35+jzBwYa0rKSy0XR8JSxZPwgLr7ys0IBzhGviA1/TUGJLmSVqs8pb9AnvICXEuOHLprYTw==",
         "dependencies": {
            "tr46": "~0.0.3",
            "webidl-conversions": "^3.0.0"
         }
      }
   }
}
